github.com/hbstack/back-to-top v0.2.0 h1:oVGYYL34PL4OX2O725YmRL9kHjZuxBuyT33/ZG1Zze0=
github.com/hbstack/back-to-top v0.2.0/go.mod h1:lVnZhVZ8pabJJ/M27APUyayelJO5yr9jkwsVnxk1O4k=
github.com/hbstack/footer v0.4.1 h1:dGEIcqCM6K/s9bygnFQlPcVMJn+BblAjaESied8H7ug=
github.com/hbstack/footer/modules/socials v0.3.0 h1:m8d8o9j+3BQUfxpONEaGP4tL8WSgnrA50bM4ux6twg8=
github.com/hbstack/footer/modules/socials v0.3.0/go.mod h1:clVl77mC1//pSZuHEr8aHqDk8Ylggk+I+XOQoBiim8w=
github.com/hbstack/header v0.16.3 h1:WId/dVFwR0QRab1/qLJagE0PA+yW9lkq+icsMTUmZ/8=
github.com/hbstack/header/modules/language-picker v0.1.26 h1:iu/PtI6ckZt/6o7ekzcpFZYZEwRsNM/rxRuqRrAr0m0=
github.com/hbstack/header/modules/language-picker v0.1.26/go.mod h1:/U3czl4OdnIVkThN1hb1r0HCElgeCr4rZx0Rl/TCGME=
github.com/hbstack/header/modules/socials v0.2.2 h1:HZzeJg3Ncf0vv2QipccYYhSADVTG4Aqt1rYLml23u40=
github.com/hbstack/header/modules/socials v0.2.2/go.mod h1:oy5kARWoEresORePUcmtFax0wTgCA4U7jsxExltgHC0=
github.com/hbstack/header/modules/theme-toggle v0.5.2 h1:i04Ti4LdVFXXn9Qh7V341NNYmjvBpFwlXKfSc3Hv1Z8=
github.com/hbstack/header/modules/theme-toggle v0.5.2/go.mod h1:5WCCiPjN34SYO4CjhMlGgxv2N3r4NnjFLN/8PgiAeEc=
github.com/hbstack/theme-search v0.0.0-20241026070238-22b007ae7cf3 h1:qbSDQwno8A8e4jxRsCMjUH3GhbwMB4/qcWjJfRulsqQ=
github.com/hbstack/theme-search v0.0.0-20241026070238-22b007ae7cf3/go.mod h1:KqbRmkrYrwS8jkyfO9aKeaWz6YulAvp5CVRyh9ftbcA=
github.com/hugomods/seo/modules/favicons v0.2.2 h1:EMpCg9ef2bexFM8uz4UGCyYtM+X4x/aQWK5/0VaP1Y0=
github.com/hugomods/seo/modules/favicons v0.2.2/go.mod h1:Bb/Se6JHet2xnWBa2vxmePR/gCBptqVB82oy0GwN/Y8=
github.com/hugomods/simple-icons v13.14.1+incompatible h1:LUYUiXVFDwmaWuH9s1M2/WGizZ05Bj6jbMPCo/jiQho=
github.com/hugomods/simple-icons v13.14.1+incompatible/go.mod h1:1Lvymol7AMVY7ji/o88jMoDHHZIJ5Wc+WwNe5hjmk+U=
